
Microsoft Visual Studio Solution File, Format Version 12.00
# Visual Studio 15
VisualStudioVersion = 15.0.28307.1169
MinimumVisualStudioVersion = 10.0.40219.1
Project("{8BC9CEB8-8B4A-11D0-8D11-00A0C91BC942}") = "BT_GIT", "BT_GIT\BT_GIT.vcxproj", "{88CEB4F3-01E5-4B28-B15A-6A536419F93C}"
EndProject
Global
	GlobalSection(SolutionConfigurationPlatforms) = preSolution
		Debug|x64 = Debug|x64
		Debug|x86 = Debug|x86
		Release|x64 = Release|x64
		Release|x86 = Release|x86
	EndGlobalSection
	GlobalSection(ProjectConfigurationPlatforms) = postSolution
		{88CEB4F3-01E5-4B28-B15A-6A536419F93C}.Debug|x64.ActiveCfg = Debug|x64
		{88CEB4F3-01E5-4B28-B15A-6A536419F93C}.Debug|x64.Build.0 = Debug|x64
		{88CEB4F3-01E5-4B28-B15A-6A536419F93C}.Debug|x86.ActiveCfg = Debug|Win32
		{88CEB4F3-01E5-4B28-B15A-6A536419F93C}.Debug|x86.Build.0 = Debug|Win32
		{88CEB4F3-01E5-4B28-B15A-6A536419F93C}.Release|x64.ActiveCfg = Release|x64
		{88CEB4F3-01E5-4B28-B15A-6A536419F93C}.Release|x64.Build.0 = Release|x64
		{88CEB4F3-01E5-4B28-B15A-6A536419F93C}.Release|x86.ActiveCfg = Release|Win32
		{88CEB4F3-01E5-4B28-B15A-6A536419F93C}.Release|x86.Build.0 = Release|Win32
	EndGlobalSection
	GlobalSection(SolutionProperties) = preSolution
		HideSolutionNode = FALSE
	EndGlobalSection
	GlobalSection(ExtensibilityGlobals) = postSolution
		SolutionGuid = {2E27AA4E-3B35-419B-9D69-2252C1DE54A2}
	EndGlobalSection
EndGlobal
